{
    "version": 3,
    "terraform_version": "0.11.10",
    "serial": 21,
    "lineage": "501309dc-cdec-7148-c60c-3b206fbec698",
    "modules": [
        {
            "path": [
                "root"
            ],
            "outputs": {
                "address": {
                    "sensitive": false,
                    "type": "string",
                    "value": "34.253.223.103"
                }
            },
            "resources": {
                "aws_instance.web": {
                    "type": "aws_instance",
                    "depends_on": [
                        "aws_key_pair.auth",
                        "aws_security_group.default",
                        "aws_subnet.default"
                    ],
                    "primary": {
                        "id": "i-05a0efad5e1a64e29",
                        "attributes": {
                            "ami": "ami-693d3483",
                            "arn": "arn:aws:ec2:eu-west-1:263722866210:instance/i-05a0efad5e1a64e29",
                            "associate_public_ip_address": "true",
                            "availability_zone": "eu-west-1b",
                            "cpu_core_count": "1",
                            "cpu_threads_per_core": "1",
                            "credit_specification.#": "1",
                            "credit_specification.0.cpu_credits": "standard",
                            "disable_api_termination": "false",
                            "ebs_block_device.#": "0",
                            "ebs_optimized": "false",
                            "ephemeral_block_device.#": "0",
                            "get_password_data": "false",
                            "iam_instance_profile": "",
                            "id": "i-05a0efad5e1a64e29",
                            "instance_state": "running",
                            "instance_type": "t2.micro",
                            "ipv6_addresses.#": "0",
                            "key_name": "tst7",
                            "monitoring": "false",
                            "network_interface.#": "0",
                            "network_interface_id": "eni-008312860ee29137b",
                            "password_data": "",
                            "placement_group": "",
                            "primary_network_interface_id": "eni-008312860ee29137b",
                            "private_dns": "ip-10-0-1-146.eu-west-1.compute.internal",
                            "private_ip": "10.0.1.146",
                            "public_dns": "",
                            "public_ip": "34.253.223.103",
                            "root_block_device.#": "1",
                            "root_block_device.0.delete_on_termination": "true",
                            "root_block_device.0.iops": "100",
                            "root_block_device.0.volume_id": "vol-05da3fc0599d6228e",
                            "root_block_device.0.volume_size": "8",
                            "root_block_device.0.volume_type": "gp2",
                            "security_groups.#": "0",
                            "source_dest_check": "true",
                            "subnet_id": "subnet-0d0782c0af4c35c86",
                            "tags.%": "0",
                            "tenancy": "default",
                            "volume_tags.%": "0",
                            "vpc_security_group_ids.#": "1",
                            "vpc_security_group_ids.1937366266": "sg-05fcd76f8cc82aaf7"
                        },
                        "meta": {
                            "e2bfb730-ecaa-11e6-8f88-34363bc7c4c0": {
                                "create": 600000000000,
                                "delete": 1200000000000,
                                "update": 600000000000
                            },
                            "schema_version": "1"
                        },
                        "tainted": false
                    },
                    "deposed": [],
                    "provider": "provider.aws"
                },
                "aws_internet_gateway.default": {
                    "type": "aws_internet_gateway",
                    "depends_on": [
                        "aws_vpc.default"
                    ],
                    "primary": {
                        "id": "igw-08a8a8ed2fd701059",
                        "attributes": {
                            "id": "igw-08a8a8ed2fd701059",
                            "vpc_id": "vpc-01f4a0104e8ac8576"
                        },
                        "meta": {},
                        "tainted": false
                    },
                    "deposed": [],
                    "provider": "provider.aws"
                },
                "aws_key_pair.auth": {
                    "type": "aws_key_pair",
                    "depends_on": [],
                    "primary": {
                        "id": "tst7",
                        "attributes": {
                            "fingerprint": "85:df:95:98:0c:31:89:c0:63:53:93:eb:2e:5a:00:f8",
                            "id": "tst7",
                            "key_name": "tst7",
                            "public_key": "ssh-rsa AAAAB3NzaC1yc2EAAAADAQABAAABAQCtlCdvO3ottTHy654FzGS5gT6bs+TvzggjmwycnGWwSVIw2mZn0bpJx2fIFAF5JjHKPPaieXaDmgAckjMR5gXhqqY9VgpqFecMvZGG9q28+SqeljdaVwXcp6ZMrnfs8s2W1Qp6wZ7spVVHmFRAjo08aGuEgQ8mNJC6t6ghItlZPPSRM9Py96KkNYjNmuaP3C1WpVhET5jATqWYecZsYYKr2BxddplBGTWUT5Ni6gVhWI74f3jUZyoRAHlpuV2vbY5q/7DcA19DxXF/36Fir7wEpGn2lR3gyh1FvQ7QO5lIxBEiIpT7ktkZq5eLXOETnMOAn4GHh56fNQrSlzhAOv4/"
                        },
                        "meta": {
                            "schema_version": "1"
                        },
                        "tainted": false
                    },
                    "deposed": [],
                    "provider": "provider.aws"
                },
                "aws_route.internet_access": {
                    "type": "aws_route",
                    "depends_on": [
                        "aws_internet_gateway.default",
                        "aws_vpc.default"
                    ],
                    "primary": {
                        "id": "r-rtb-08f5627cbdfce0a921080289494",
                        "attributes": {
                            "destination_cidr_block": "0.0.0.0/0",
                            "destination_prefix_list_id": "",
                            "egress_only_gateway_id": "",
                            "gateway_id": "igw-08a8a8ed2fd701059",
                            "id": "r-rtb-08f5627cbdfce0a921080289494",
                            "instance_id": "",
                            "instance_owner_id": "",
                            "nat_gateway_id": "",
                            "network_interface_id": "",
                            "origin": "CreateRoute",
                            "route_table_id": "rtb-08f5627cbdfce0a92",
                            "state": "active",
                            "transit_gateway_id": "",
                            "vpc_peering_connection_id": ""
                        },
                        "meta": {
                            "e2bfb730-ecaa-11e6-8f88-34363bc7c4c0": {
                                "create": 120000000000,
                                "delete": 300000000000
                            }
                        },
                        "tainted": false
                    },
                    "deposed": [],
                    "provider": "provider.aws"
                },
                "aws_security_group.default": {
                    "type": "aws_security_group",
                    "depends_on": [
                        "aws_vpc.default"
                    ],
                    "primary": {
                        "id": "sg-05fcd76f8cc82aaf7",
                        "attributes": {
                            "arn": "arn:aws:ec2:eu-west-1:263722866210:security-group/sg-05fcd76f8cc82aaf7",
                            "description": "Used in the terraform",
                            "egress.#": "1",
                            "egress.482069346.cidr_blocks.#": "1",
                            "egress.482069346.cidr_blocks.0": "0.0.0.0/0",
                            "egress.482069346.description": "",
                            "egress.482069346.from_port": "0",
                            "egress.482069346.ipv6_cidr_blocks.#": "0",
                            "egress.482069346.prefix_list_ids.#": "0",
                            "egress.482069346.protocol": "-1",
                            "egress.482069346.security_groups.#": "0",
                            "egress.482069346.self": "false",
                            "egress.482069346.to_port": "0",
                            "id": "sg-05fcd76f8cc82aaf7",
                            "ingress.#": "2",
                            "ingress.1753530290.cidr_blocks.#": "1",
                            "ingress.1753530290.cidr_blocks.0": "0.0.0.0/0",
                            "ingress.1753530290.description": "",
                            "ingress.1753530290.from_port": "22",
                            "ingress.1753530290.ipv6_cidr_blocks.#": "0",
                            "ingress.1753530290.prefix_list_ids.#": "0",
                            "ingress.1753530290.protocol": "tcp",
                            "ingress.1753530290.security_groups.#": "0",
                            "ingress.1753530290.self": "false",
                            "ingress.1753530290.to_port": "22",
                            "ingress.2080286321.cidr_blocks.#": "1",
                            "ingress.2080286321.cidr_blocks.0": "0.0.0.0/0",
                            "ingress.2080286321.description": "",
                            "ingress.2080286321.from_port": "80",
                            "ingress.2080286321.ipv6_cidr_blocks.#": "0",
                            "ingress.2080286321.prefix_list_ids.#": "0",
                            "ingress.2080286321.protocol": "tcp",
                            "ingress.2080286321.security_groups.#": "0",
                            "ingress.2080286321.self": "false",
                            "ingress.2080286321.to_port": "80",
                            "name": "terraform_example",
                            "owner_id": "263722866210",
                            "revoke_rules_on_delete": "false",
                            "tags.%": "0",
                            "vpc_id": "vpc-01f4a0104e8ac8576"
                        },
                        "meta": {
                            "e2bfb730-ecaa-11e6-8f88-34363bc7c4c0": {
                                "create": 600000000000,
                                "delete": 600000000000
                            },
                            "schema_version": "1"
                        },
                        "tainted": false
                    },
                    "deposed": [],
                    "provider": "provider.aws"
                },
                "aws_subnet.default": {
                    "type": "aws_subnet",
                    "depends_on": [
                        "aws_vpc.default"
                    ],
                    "primary": {
                        "id": "subnet-0d0782c0af4c35c86",
                        "attributes": {
                            "arn": "arn:aws:ec2:eu-west-1:263722866210:subnet/subnet-0d0782c0af4c35c86",
                            "assign_ipv6_address_on_creation": "false",
                            "availability_zone": "eu-west-1b",
                            "cidr_block": "10.0.1.0/24",
                            "id": "subnet-0d0782c0af4c35c86",
                            "ipv6_cidr_block": "",
                            "ipv6_cidr_block_association_id": "",
                            "map_public_ip_on_launch": "true",
                            "tags.%": "0",
                            "vpc_id": "vpc-01f4a0104e8ac8576"
                        },
                        "meta": {
                            "e2bfb730-ecaa-11e6-8f88-34363bc7c4c0": {
                                "create": 600000000000,
                                "delete": 600000000000
                            },
                            "schema_version": "1"
                        },
                        "tainted": false
                    },
                    "deposed": [],
                    "provider": "provider.aws"
                },
                "aws_vpc.default": {
                    "type": "aws_vpc",
                    "depends_on": [],
                    "primary": {
                        "id": "vpc-01f4a0104e8ac8576",
                        "attributes": {
                            "arn": "arn:aws:ec2:eu-west-1:263722866210:vpc/vpc-01f4a0104e8ac8576",
                            "assign_generated_ipv6_cidr_block": "false",
                            "cidr_block": "10.0.0.0/16",
                            "default_network_acl_id": "acl-0379edfb93fb754f2",
                            "default_route_table_id": "rtb-08f5627cbdfce0a92",
                            "default_security_group_id": "sg-0273dea6751bc5861",
                            "dhcp_options_id": "dopt-dbe66dbd",
                            "enable_classiclink": "false",
                            "enable_classiclink_dns_support": "false",
                            "enable_dns_hostnames": "false",
                            "enable_dns_support": "true",
                            "id": "vpc-01f4a0104e8ac8576",
                            "instance_tenancy": "default",
                            "ipv6_association_id": "",
                            "ipv6_cidr_block": "",
                            "main_route_table_id": "rtb-08f5627cbdfce0a92",
                            "tags.%": "0"
                        },
                        "meta": {
                            "schema_version": "1"
                        },
                        "tainted": false
                    },
                    "deposed": [],
                    "provider": "provider.aws"
                }
            },
            "depends_on": []
        }
    ]
}
